// !$*UTF8*$!
{
	archiveVersion = 1;
	classes = {
	};
	objectVersion = 46;
	objects = {

/* Begin PBXBuildFile section */
		F3CDE4471ECE040300324E7E /* AppDelegate.swift in Sources */ = {isa = PBXBuildFile; fileRef = F3CDE4461ECE040300324E7E /* AppDelegate.swift */; };
		F3CDE44A1ECE040300324E7E /* CourseworkManagementTool.xcdatamodeld in Sources */ = {isa = PBXBuildFile; fileRef = F3CDE4481ECE040300324E7E /* CourseworkManagementTool.xcdatamodeld */; };
		F3CDE44C1ECE040300324E7E /* MasterViewController.swift in Sources */ = {isa = PBXBuildFile; fileRef = F3CDE44B1ECE040300324E7E /* MasterViewController.swift */; };
		F3CDE44E1ECE040300324E7E /* DetailViewController.swift in Sources */ = {isa = PBXBuildFile; fileRef = F3CDE44D1ECE040300324E7E /* DetailViewController.swift */; };
		F3CDE4511ECE040300324E7E /* Main.storyboard in Resources */ = {isa = PBXBuildFile; fileRef = F3CDE44F1ECE040300324E7E /* Main.storyboard */; };
		F3CDE4531ECE040400324E7E /* Assets.xcassets in Resources */ = {isa = PBXBuildFile; fileRef = F3CDE4521ECE040400324E7E /* Assets.xcassets */; };
		F3CDE4561ECE040400324E7E /* LaunchScreen.storyboard in Resources */ = {isa = PBXBuildFile; fileRef = F3CDE4541ECE040400324E7E /* LaunchScreen.storyboard */; };
		F3CDE45E1ECE0CF600324E7E /* AddCourseworkViewController.swift in Sources */ = {isa = PBXBuildFile; fileRef = F3CDE45D1ECE0CF600324E7E /* AddCourseworkViewController.swift */; };
		F3CDE4601ECE10A400324E7E /* NewTaskViewController.swift in Sources */ = {isa = PBXBuildFile; fileRef = F3CDE45F1ECE10A400324E7E /* NewTaskViewController.swift */; };
/* End PBXBuildFile section */

/* Begin PBXFileReference section */
		F3CDE4431ECE040300324E7E /* CourseworkManagementTool.app */ = {isa = PBXFileReference; explicitFileType = wrapper.application; includeInIndex = 0; path = CourseworkManagementTool.app; sourceTree = BUILT_PRODUCTS_DIR; };
		F3CDE4461ECE040300324E7E /* AppDelegate.swift */ = {isa = PBXFileReference; lastKnownFileType = sourcecode.swift; path = AppDelegate.swift; sourceTree = "<group>"; };
		F3CDE4491ECE040300324E7E /* CourseworkManagementTool.xcdatamodel */ = {isa = PBXFileReference; lastKnownFileType = wrapper.xcdatamodel; path = CourseworkManagementTool.xcdatamodel; sourceTree = "<group>"; };
		F3CDE44B1ECE040300324E7E /* MasterViewController.swift */ = {isa = PBXFileReference; lastKnownFileType = sourcecode.swift; path = MasterViewController.swift; sourceTree = "<group>"; };
		F3CDE44D1ECE040300324E7E /* DetailViewController.swift */ = {isa = PBXFileReference; lastKnownFileType = sourcecode.swift; path = DetailViewController.swift; sourceTree = "<group>"; };
		F3CDE4501ECE040300324E7E /* Base */ = {isa = PBXFileReference; lastKnownFileType = file.storyboard; name = Base; path = Base.lproj/Main.storyboard; sourceTree = "<group>"; };
		F3CDE4521ECE040400324E7E /* Assets.xcassets */ = {isa = PBXFileReference; lastKnownFileType = folder.assetcatalog; path = Assets.xcassets; sourceTree = "<group>"; };
		F3CDE4551ECE040400324E7E /* Base */ = {isa = PBXFileReference; lastKnownFileType = file.storyboard; name = Base; path = Base.lproj/LaunchScreen.storyboard; sourceTree = "<group>"; };
		F3CDE4571ECE040400324E7E /* Info.plist */ = {isa = PBXFileReference; lastKnownFileType = text.plist.xml; path = Info.plist; sourceTree = "<group>"; };
		F3CDE45D1ECE0CF600324E7E /* AddCourseworkViewController.swift */ = {isa = PBXFileReference; fileEncoding = 4; lastKnownFileType = sourcecode.swift; path = AddCourseworkViewController.swift; sourceTree = "<group>"; };
		F3CDE45F1ECE10A400324E7E /* NewTaskViewController.swift */ = {isa = PBXFileReference; fileEncoding = 4; lastKnownFileType = sourcecode.swift; path = NewTaskViewController.swift; sourceTree = "<group>"; };
/* End PBXFileReference section */

/* Begin PBXFrameworksBuildPhase section */
		F3CDE4401ECE040300324E7E /* Frameworks */ = {
			isa = PBXFrameworksBuildPhase;
			buildActionMask = 2147483647;
			files = (
			);
			runOnlyForDeploymentPostprocessing = 0;
		};
/* End PBXFrameworksBuildPhase section */

/* Begin PBXGroup section */
		F3CDE43A1ECE040300324E7E = {
			isa = PBXGroup;
			children = (
				F3CDE4451ECE040300324E7E /* CourseworkManagementTool */,
				F3CDE4441ECE040300324E7E /* Products */,
			);
			sourceTree = "<group>";
		};
		F3CDE4441ECE040300324E7E /* Products */ = {
			isa = PBXGroup;
			children = (
				F3CDE4431ECE040300324E7E /* CourseworkManagementTool.app */,
			);
			name = Products;
			sourceTree = "<group>";
		};
		F3CDE4451ECE040300324E7E /* CourseworkManagementTool */ = {
			isa = PBXGroup;
			children = (
				F3CDE4461ECE040300324E7E /* AppDelegate.swift */,
				F3CDE44B1ECE040300324E7E /* MasterViewController.swift */,
				F3CDE44D1ECE040300324E7E /* DetailViewController.swift */,
				F3CDE44F1ECE040300324E7E /* Main.storyboard */,
				F3CDE45F1ECE10A400324E7E /* NewTaskViewController.swift */,
				F3CDE45D1ECE0CF600324E7E /* AddCourseworkViewController.swift */,
				F3CDE4521ECE040400324E7E /* Assets.xcassets */,
				F3CDE4541ECE040400324E7E /* LaunchScreen.storyboard */,
				F3CDE4571ECE040400324E7E /* Info.plist */,
				F3CDE4481ECE040300324E7E /* CourseworkManagementTool.xcdatamodeld */,
			);
			path = CourseworkManagementTool;
			sourceTree = "<group>";
		};
/* End PBXGroup section */

/* Begin PBXNativeTarget section */
		F3CDE4421ECE040300324E7E /* CourseworkManagementTool */ = {
			isa = PBXNativeTarget;
			buildConfigurationList = F3CDE45A1ECE040400324E7E /* Build configuration list for PBXNativeTarget "CourseworkManagementTool" */;
			buildPhases = (
				F3CDE43F1ECE040300324E7E /* Sources */,
				F3CDE4401ECE040300324E7E /* Frameworks */,
				F3CDE4411ECE040300324E7E /* Resources */,
			);
			buildRules = (
			);
			dependencies = (
			);
			name = CourseworkManagementTool;
			productName = CourseworkManagementTool;
			productReference = F3CDE4431ECE040300324E7E /* CourseworkManagementTool.app */;
			productType = "com.apple.product-type.application";
		};
/* End PBXNativeTarget section */

/* Begin PBXProject section */
		F3CDE43B1ECE040300324E7E /* Project object */ = {
			isa = PBXProject;
			attributes = {
				LastSwiftUpdateCheck = 0820;
				LastUpgradeCheck = 0820;
				ORGANIZATIONNAME = "Firas Hazim";
				TargetAttributes = {
					F3CDE4421ECE040300324E7E = {
						CreatedOnToolsVersion = 8.2.1;
						ProvisioningStyle = Automatic;
					};
				};
			};
			buildConfigurationList = F3CDE43E1ECE040300324E7E /* Build configuration list for PBXProject "CourseworkManagementTool" */;
			compatibilityVersion = "Xcode 3.2";
			developmentRegion = English;
			hasScannedForEncodings = 0;
			knownRegions = (
				en,
				Base,
			);
			mainGroup = F3CDE43A1ECE040300324E7E;
			productRefGroup = F3CDE4441ECE040300324E7E /* Products */;
			projectDirPath = "";
			projectRoot = "";
			targets = (
				F3CDE4421ECE040300324E7E /* CourseworkManagementTool */,
			);
		};
/* End PBXProject section */

/* Begin PBXResourcesBuildPhase section */
		F3CDE4411ECE040300324E7E /* Resources */ = {
			isa = PBXResourcesBuildPhase;
			buildActionMask = 2147483647;
			files = (
				F3CDE4561ECE040400324E7E /* LaunchScreen.storyboard in Resources */,
				F3CDE4531ECE040400324E7E /* Assets.xcassets in Resources */,
				F3CDE4511ECE040300324E7E /* Main.storyboard in Resources */,
			);
			runOnlyForDeploymentPostprocessing = 0;
		};
/* End PBXResourcesBuildPhase section */

/* Begin PBXSourcesBuildPhase section */
		F3CDE43F1ECE040300324E7E /* Sources */ = {
			isa = PBXSourcesBuildPhase;
			buildActionMask = 2147483647;
			files = (
				F3CDE44A1ECE040300324E7E /* CourseworkManagementTool.xcdatamodeld in Sources */,
				F3CDE4471ECE040300324E7E /* AppDelegate.swift in Sources */,
				F3CDE45E1ECE0CF600324E7E /* AddCourseworkViewController.swift in Sources */,
				F3CDE44C1ECE040300324E7E /* MasterViewController.swift in Sources */,
				F3CDE4601ECE10A400324E7E /* NewTaskViewController.swift in Sources */,
				F3CDE44E1ECE040300324E7E /* DetailViewController.swift in Sources */,
			);
			runOnlyForDeploymentPostprocessing = 0;
		};
/* End PBXSourcesBuildPhase section */

/* Begin PBXVariantGroup section */
		F3CDE44F1ECE040300324E7E /* Main.storyboard */ = {
			isa = PBXVariantGroup;
			children = (
				F3CDE4501ECE040300324E7E /* Base */,
			);
			name = Main.storyboard;
			sourceTree = "<group>";
		};
		F3CDE4541ECE040400324E7E /* LaunchScreen.storyboard */ = {
			isa = PBXVariantGroup;
			children = (
				F3CDE4551ECE040400324E7E /* Base */,
			);
			name = LaunchScreen.storyboard;
			sourceTree = "<group>";
		};
/* End PBXVariantGroup section */

/* Begin XCBuildConfiguration section */
		F3CDE4581ECE040400324E7E /* Debug */ = {
			isa = XCBuildConfiguration;
			buildSettings = {
				ALWAYS_SEARCH_USER_PATHS = NO;
				CLANG_ANALYZER_NONNULL = YES;
				CLANG_CXX_LANGUAGE_STANDARD = "gnu++0x";
				CLANG_CXX_LIBRARY = "libc++";
				CLANG_ENABLE_MODULES = YES;
				CLANG_ENABLE_OBJC_ARC = YES;
				CLANG_WARN_BOOL_CONVERSION = YES;
				CLANG_WARN_CONSTANT_CONVERSION = YES;
				CLANG_WARN_DIRECT_OBJC_ISA_USAGE = YES_ERROR;
				CLANG_WARN_DOCUMENTATION_COMMENTS = YES;
				CLANG_WARN_EMPTY_BODY = YES;
				CLANG_WARN_ENUM_CONVERSION = YES;
				CLANG_WARN_INFINITE_RECURSION = YES;
				CLANG_WARN_INT_CONVERSION = YES;
				CLANG_WARN_OBJC_ROOT_CLASS = YES_ERROR;
				CLANG_WARN_SUSPICIOUS_MOVE = YES;
				CLANG_WARN_UNREACHABLE_CODE = YES;
				CLANG_WARN__DUPLICATE_METHOD_MATCH = YES;
				"CODE_SIGN_IDENTITY[sdk=iphoneos*]" = "iPhone Developer";
				COPY_PHASE_STRIP = NO;
				DEBUG_INFORMATION_FORMAT = dwarf;
				ENABLE_STRICT_OBJC_MSGSEND = YES;
				ENABLE_TESTABILITY = YES;
				GCC_C_LANGUAGE_STANDARD = gnu99;
				GCC_DYNAMIC_NO_PIC = NO;
				GCC_NO_COMMON_BLOCKS = YES;
				GCC_OPTIMIZATION_LEVEL = 0;
				GCC_PREPROCESSOR_DEFINITIONS = (
					"DEBUG=1",
					"$(inherited)",
				);
				GCC_WARN_64_TO_32_BIT_CONVERSION = YES;
				GCC_WARN_ABOUT_RETURN_TYPE = YES_ERROR;
				GCC_WARN_UNDECLARED_SELECTOR = YES;
				GCC_WARN_UNINITIALIZED_AUTOS = YES_AGGRESSIVE;
				GCC_WARN_UNUSED_FUNCTION = YES;
				GCC_WARN_UNUSED_VARIABLE = YES;
				IPHONEOS_DEPLOYMENT_TARGET = 10.2;
				MTL_ENABLE_DEBUG_INFO = YES;
				ONLY_ACTIVE_ARCH = YES;
				SDKROOT = iphoneos;
				SWIFT_ACTIVE_COMPILATION_CONDITIONS = DEBUG;
				SWIFT_OPTIMIZATION_LEVEL = "-Onone";
				TARGETED_DEVICE_FAMILY = 2;
			};
			name = Debug;
		};
		F3CDE4591ECE040400324E7E /* Release */ = {
			isa = XCBuildConfiguration;
			buildSettings = {
				ALWAYS_SEARCH_USER_PATHS = NO;
				CLANG_ANALYZER_NONNULL = YES;
				CLANG_CXX_LANGUAGE_STANDARD = "gnu++0x";
				CLANG_CXX_LIBRARY = "libc++";
				CLANG_ENABLE_MODULES = YES;
				CLANG_ENABLE_OBJC_ARC = YES;
				CLANG_WARN_BOOL_CONVERSION = YES;
				CLANG_WARN_CONSTANT_CONVERSION = YES;
				CLANG_WARN_DIRECT_OBJC_ISA_USAGE = YES_ERROR;
				CLANG_WARN_DOCUMENTATION_COMMENTS = YES;
				CLANG_WARN_EMPTY_BODY = YES;
				CLANG_WARN_ENUM_CONVERSION = YES;
				CLANG_WARN_INFINITE_RECURSION = YES;
				CLANG_WARN_INT_CONVERSION = YES;
				CLANG_WARN_OBJC_ROOT_CLASS = YES_ERROR;
				CLANG_WARN_SUSPICIOUS_MOVE = YES;
				CLANG_WARN_UNREACHABLE_CODE = YES;
				CLANG_WARN__DUPLICATE_METHOD_MATCH = YES;
				"CODE_SIGN_IDENTITY[sdk=iphoneos*]" = "iPhone Developer";
				COPY_PHASE_STRIP = NO;
				DEBUG_INFORMATION_FORMAT = "dwarf-with-dsym";
				ENABLE_NS_ASSERTIONS = NO;
				ENABLE_STRICT_OBJC_MSGSEND = YES;
				GCC_C_LANGUAGE_STANDARD = gnu99;
				GCC_NO_COMMON_BLOCKS = YES;
				GCC_WARN_64_TO_32_BIT_CONVERSION = YES;
				GCC_WARN_ABOUT_RETURN_TYPE = YES_ERROR;
				GCC_WARN_UNDECLARED_SELECTOR = YES;
				GCC_WARN_UNINITIALIZED_AUTOS = YES_AGGRESSIVE;
				GCC_WARN_UNUSED_FUNCTION = YES;
				GCC_WARN_UNUSED_VARIABLE = YES;
				IPHONEOS_DEPLOYMENT_TARGET = 10.2;
				MTL_ENABLE_DEBUG_INFO = NO;
				SDKROOT = iphoneos;
				SWIFT_OPTIMIZATION_LEVEL = "-Owholemodule";
				TARGETED_DEVICE_FAMILY = 2;
				VALIDATE_PRODUCT = YES;
			};
			name = Release;
		};
		F3CDE45B1ECE040400324E7E /* Debug */ = {
			isa = XCBuildConfiguration;
			buildSettings = {
				ASSETCATALOG_COMPILER_APPICON_NAME = AppIcon;
				INFOPLIST_FILE = CourseworkManagementTool/Info.plist;
				LD_RUNPATH_SEARCH_PATHS = "$(inherited) @executable_path/Frameworks";
				PRODUCT_BUNDLE_IDENTIFIER = com.ManagementTool.CourseworkManagementTool;
				PRODUCT_NAME = "$(TARGET_NAME)";
				SWIFT_VERSION = 3.0;
			};
			name = Debug;
		};
		F3CDE45C1ECE040400324E7E /* Release */ = {
			isa = XCBuildConfiguration;
			buildSettings = {
				ASSETCATALOG_COMPILER_APPICON_NAME = AppIcon;
				INFOPLIST_FILE = CourseworkManagementTool/Info.plist;
				LD_RUNPATH_SEARCH_PATHS = "$(inherited) @executable_path/Frameworks";
				PRODUCT_BUNDLE_IDENTIFIER = com.ManagementTool.CourseworkManagementTool;
				PRODUCT_NAME = "$(TARGET_NAME)";
				SWIFT_VERSION = 3.0;
			};
			name = Release;
		};
/* End XCBuildConfiguration section */

/* Begin XCConfigurationList section */
		F3CDE43E1ECE040300324E7E /* Build configuration list for PBXProject "CourseworkManagementTool" */ = {
			isa = XCConfigurationList;
			buildConfigurations = (
				F3CDE4581ECE040400324E7E /* Debug */,
				F3CDE4591ECE040400324E7E /* Release */,
			);
			defaultConfigurationIsVisible = 0;
			defaultConfigurationName = Release;
		};
		F3CDE45A1ECE040400324E7E /* Build configuration list for PBXNativeTarget "CourseworkManagementTool" */ = {
			isa = XCConfigurationList;
			buildConfigurations = (
				F3CDE45B1ECE040400324E7E /* Debug */,
				F3CDE45C1ECE040400324E7E /* Release */,
			);
			defaultConfigurationIsVisible = 0;
			defaultConfigurationName = Release;
		};
/* End XCConfigurationList section */

/* Begin XCVersionGroup section */
		F3CDE4481ECE040300324E7E /* CourseworkManagementTool.xcdatamodeld */ = {
			isa = XCVersionGroup;
			children = (
				F3CDE4491ECE040300324E7E /* CourseworkManagementTool.xcdatamodel */,
			);
			currentVersion = F3CDE4491ECE040300324E7E /* CourseworkManagementTool.xcdatamodel */;
			path = CourseworkManagementTool.xcdatamodeld;
			sourceTree = "<group>";
			versionGroupType = wrapper.xcdatamodel;
		};
/* End XCVersionGroup section */
	};
	rootObject = F3CDE43B1ECE040300324E7E /* Project object */;
}
